Microsoft Visual Studio Solution File, Format Version 12.00
# Visual Studio Version 17
VisualStudioVersion = 17.13.35825.156
MinimumVisualStudioVersion = 10.0.40219.1
Project("{FAE04EC0-301F-11D3-BF4B-00C04F79EFBC}") = "HorizontalVirtualize", "HorizontalVirtualize\HorizontalVirtualize\HorizontalVirtualize.csproj", "{321FFC7A-0388-4145-8A51-58EC885ECF58}"
EndProject
Project("{FAE04EC0-301F-11D3-BF4B-00C04F79EFBC}") = "HorizontalVirtualize.Client", "HorizontalVirtualize\HorizontalVirtualize.Client\HorizontalVirtualize.Client.csproj", "{8140D2E8-C9F1-4453-B616-82AF03727BCE}"
EndProject
Project("{FAE04EC0-301F-11D3-BF4B-00C04F79EFBC}") = "BlazorVirtualize.Extensions", "BlazorVirtualize.Extensions\BlazorVirtualize.Extensions.csproj", "{379534F6-2F27-4733-A120-EB78446D74F9}"
EndProject
Global
	GlobalSection(SolutionConfigurationPlatforms) = preSolution
		Debug|Any CPU = Debug|Any CPU
		Release|Any CPU = Release|Any CPU
	EndGlobalSection
	GlobalSection(ProjectConfigurationPlatforms) = postSolution
		{321FFC7A-0388-4145-8A51-58EC885ECF58}.Debug|Any CPU.ActiveCfg = Debug|Any CPU
		{321FFC7A-0388-4145-8A51-58EC885ECF58}.Debug|Any CPU.Build.0 = Debug|Any CPU
		{321FFC7A-0388-4145-8A51-58EC885ECF58}.Release|Any CPU.ActiveCfg = Release|Any CPU
		{321FFC7A-0388-4145-8A51-58EC885ECF58}.Release|Any CPU.Build.0 = Release|Any CPU
		{8140D2E8-C9F1-4453-B616-82AF03727BCE}.Debug|Any CPU.ActiveCfg = Debug|Any CPU
		{8140D2E8-C9F1-4453-B616-82AF03727BCE}.Debug|Any CPU.Build.0 = Debug|Any CPU
		{8140D2E8-C9F1-4453-B616-82AF03727BCE}.Release|Any CPU.ActiveCfg = Release|Any CPU
		{8140D2E8-C9F1-4453-B616-82AF03727BCE}.Release|Any CPU.Build.0 = Release|Any CPU
		{379534F6-2F27-4733-A120-EB78446D74F9}.Debug|Any CPU.ActiveCfg = Debug|Any CPU
		{379534F6-2F27-4733-A120-EB78446D74F9}.Debug|Any CPU.Build.0 = Debug|Any CPU
		{379534F6-2F27-4733-A120-EB78446D74F9}.Release|Any CPU.ActiveCfg = Release|Any CPU
		{379534F6-2F27-4733-A120-EB78446D74F9}.Release|Any CPU.Build.0 = Release|Any CPU
	EndGlobalSection
	GlobalSection(SolutionProperties) = preSolution
		HideSolutionNode = FALSE
	EndGlobalSection
	GlobalSection(ExtensibilityGlobals) = postSolution
		SolutionGuid = {B269F299-228A-4675-A6A2-9F95EABC3E37}
	EndGlobalSection
EndGlobal
